
Microsoft Visual Studio Solution File, Format Version 12.00
# Visual Studio Version 17
VisualStudioVersion = 17.1.32228.430
MinimumVisualStudioVersion = 10.0.40219.1
Project("{FAE04EC0-301F-11D3-BF4B-00C04F79EFBC}") = "SenderFunction", "SenderFunction\SenderFunction.csproj", "{91CD63D4-2069-4D79-8D1B-1E2722E0847B}"
EndProject
Project("{FAE04EC0-301F-11D3-BF4B-00C04F79EFBC}") = "ReceiverFunction", "ReceiverFunction\ReceiverFunction.csproj", "{DB2AD297-2DF0-418A-B1C7-3A5BCCE91B22}"
EndProject
Project("{FAE04EC0-301F-11D3-BF4B-00C04F79EFBC}") = "ServiceBusConsoleApp", "ServiceBusConsoleApp\ServiceBusConsoleApp.csproj", "{7B180D99-8B08-4CD9-AFC0-84CE2422D7BB}"
EndProject
Global
	GlobalSection(SolutionConfigurationPlatforms) = preSolution
		Debug|Any CPU = Debug|Any CPU
		Release|Any CPU = Release|Any CPU
	EndGlobalSection
	GlobalSection(ProjectConfigurationPlatforms) = postSolution
		{91CD63D4-2069-4D79-8D1B-1E2722E0847B}.Debug|Any CPU.ActiveCfg = Debug|Any CPU
		{91CD63D4-2069-4D79-8D1B-1E2722E0847B}.Debug|Any CPU.Build.0 = Debug|Any CPU
		{91CD63D4-2069-4D79-8D1B-1E2722E0847B}.Release|Any CPU.ActiveCfg = Release|Any CPU
		{91CD63D4-2069-4D79-8D1B-1E2722E0847B}.Release|Any CPU.Build.0 = Release|Any CPU
		{DB2AD297-2DF0-418A-B1C7-3A5BCCE91B22}.Debug|Any CPU.ActiveCfg = Debug|Any CPU
		{DB2AD297-2DF0-418A-B1C7-3A5BCCE91B22}.Debug|Any CPU.Build.0 = Debug|Any CPU
		{DB2AD297-2DF0-418A-B1C7-3A5BCCE91B22}.Release|Any CPU.ActiveCfg = Release|Any CPU
		{DB2AD297-2DF0-418A-B1C7-3A5BCCE91B22}.Release|Any CPU.Build.0 = Release|Any CPU
		{7B180D99-8B08-4CD9-AFC0-84CE2422D7BB}.Debug|Any CPU.ActiveCfg = Debug|Any CPU
		{7B180D99-8B08-4CD9-AFC0-84CE2422D7BB}.Debug|Any CPU.Build.0 = Debug|Any CPU
		{7B180D99-8B08-4CD9-AFC0-84CE2422D7BB}.Release|Any CPU.ActiveCfg = Release|Any CPU
		{7B180D99-8B08-4CD9-AFC0-84CE2422D7BB}.Release|Any CPU.Build.0 = Release|Any CPU
	EndGlobalSection
	GlobalSection(SolutionProperties) = preSolution
		HideSolutionNode = FALSE
	EndGlobalSection
	GlobalSection(ExtensibilityGlobals) = postSolution
		SolutionGuid = {41E493DA-E619-4757-AC3A-1768E8C6D092}
	EndGlobalSection
EndGlobal
